
Microsoft Visual Studio Solution File, Format Version 12.00
# Visual Studio Version 17
VisualStudioVersion = 17.5.33414.496
MinimumVisualStudioVersion = 10.0.40219.1
Project("{FAE04EC0-301F-11D3-BF4B-00C04F79EFBC}") = "Process view", "Process view\Process view.csproj", "{D317A0CC-3A23-44CB-92CC-69180A913D2F}"
EndProject
Global
	GlobalSection(SolutionConfigurationPlatforms) = preSolution
		Debug|Any CPU = Debug|Any CPU
		Release|Any CPU = Release|Any CPU
	EndGlobalSection
	GlobalSection(ProjectConfigurationPlatforms) = postSolution
		{D317A0CC-3A23-44CB-92CC-69180A913D2F}.Debug|Any CPU.ActiveCfg = Debug|Any CPU
		{D317A0CC-3A23-44CB-92CC-69180A913D2F}.Debug|Any CPU.Build.0 = Debug|Any CPU
		{D317A0CC-3A23-44CB-92CC-69180A913D2F}.Release|Any CPU.ActiveCfg = Release|Any CPU
		{D317A0CC-3A23-44CB-92CC-69180A913D2F}.Release|Any CPU.Build.0 = Release|Any CPU
	EndGlobalSection
	GlobalSection(SolutionProperties) = preSolution
		HideSolutionNode = FALSE
	EndGlobalSection
	GlobalSection(ExtensibilityGlobals) = postSolution
		SolutionGuid = {349ECCA8-EA7C-4277-9562-A49627A564F9}
	EndGlobalSection
EndGlobal
